
Microsoft Visual Studio Solution File, Format Version 12.00
Project("{FAE04EC0-301F-11D3-BF4B-00C04F79EFBC}") = "BingWallpaper", "BingWallpaper\BingWallpaper.csproj", "{500B67EA-3896-4416-A433-A7038D2625F4}"
EndProject
Project("{FAE04EC0-301F-11D3-BF4B-00C04F79EFBC}") = "FileEncodingConverter", "FileEncodingConverter\FileEncodingConverter.csproj", "{C039324D-5E5C-45CC-BCFA-9FA096EF52AF}"
EndProject
Project("{FAE04EC0-301F-11D3-BF4B-00C04F79EFBC}") = "SQLCreator", "SQLCreator\SQLCreator.csproj", "{9B9DF174-6747-4069-B033-E62E29983F89}"
EndProject
Global
	GlobalSection(SolutionConfigurationPlatforms) = preSolution
		Debug|Any CPU = Debug|Any CPU
		Release|Any CPU = Release|Any CPU
	EndGlobalSection
	GlobalSection(ProjectConfigurationPlatforms) = postSolution
		{500B67EA-3896-4416-A433-A7038D2625F4}.Debug|Any CPU.ActiveCfg = Debug|Any CPU
		{500B67EA-3896-4416-A433-A7038D2625F4}.Debug|Any CPU.Build.0 = Debug|Any CPU
		{500B67EA-3896-4416-A433-A7038D2625F4}.Release|Any CPU.ActiveCfg = Release|Any CPU
		{500B67EA-3896-4416-A433-A7038D2625F4}.Release|Any CPU.Build.0 = Release|Any CPU
		{C039324D-5E5C-45CC-BCFA-9FA096EF52AF}.Debug|Any CPU.ActiveCfg = Debug|Any CPU
		{C039324D-5E5C-45CC-BCFA-9FA096EF52AF}.Debug|Any CPU.Build.0 = Debug|Any CPU
		{C039324D-5E5C-45CC-BCFA-9FA096EF52AF}.Release|Any CPU.ActiveCfg = Release|Any CPU
		{C039324D-5E5C-45CC-BCFA-9FA096EF52AF}.Release|Any CPU.Build.0 = Release|Any CPU
		{9B9DF174-6747-4069-B033-E62E29983F89}.Debug|Any CPU.ActiveCfg = Debug|Any CPU
		{9B9DF174-6747-4069-B033-E62E29983F89}.Debug|Any CPU.Build.0 = Debug|Any CPU
		{9B9DF174-6747-4069-B033-E62E29983F89}.Release|Any CPU.ActiveCfg = Release|Any CPU
		{9B9DF174-6747-4069-B033-E62E29983F89}.Release|Any CPU.Build.0 = Release|Any CPU
	EndGlobalSection
EndGlobal
